
Microsoft Visual Studio Solution File, Format Version 12.00
# Visual Studio 15
VisualStudioVersion = 15.0.27004.2010
MinimumVisualStudioVersion = 10.0.40219.1
Project("{FAE04EC0-301F-11D3-BF4B-00C04F79EFBC}") = "CS-ASP_042", "CS-ASP_042\CS-ASP_042.csproj", "{1D0FCA84-42D2-4A12-B0C8-E9D1706B1454}"
EndProject
Project("{FAE04EC0-301F-11D3-BF4B-00C04F79EFBC}") = "HeroMonster", "HeroMonster\HeroMonster.csproj", "{2BF5B07B-3420-489D-8253-ED2E618C3D7A}"
EndProject
Global
	GlobalSection(SolutionConfigurationPlatforms) = preSolution
		Debug|Any CPU = Debug|Any CPU
		Release|Any CPU = Release|Any CPU
	EndGlobalSection
	GlobalSection(ProjectConfigurationPlatforms) = postSolution
		{1D0FCA84-42D2-4A12-B0C8-E9D1706B1454}.Debug|Any CPU.ActiveCfg = Debug|Any CPU
		{1D0FCA84-42D2-4A12-B0C8-E9D1706B1454}.Debug|Any CPU.Build.0 = Debug|Any CPU
		{1D0FCA84-42D2-4A12-B0C8-E9D1706B1454}.Release|Any CPU.ActiveCfg = Release|Any CPU
		{1D0FCA84-42D2-4A12-B0C8-E9D1706B1454}.Release|Any CPU.Build.0 = Release|Any CPU
		{2BF5B07B-3420-489D-8253-ED2E618C3D7A}.Debug|Any CPU.ActiveCfg = Debug|Any CPU
		{2BF5B07B-3420-489D-8253-ED2E618C3D7A}.Debug|Any CPU.Build.0 = Debug|Any CPU
		{2BF5B07B-3420-489D-8253-ED2E618C3D7A}.Release|Any CPU.ActiveCfg = Release|Any CPU
		{2BF5B07B-3420-489D-8253-ED2E618C3D7A}.Release|Any CPU.Build.0 = Release|Any CPU
	EndGlobalSection
	GlobalSection(SolutionProperties) = preSolution
		HideSolutionNode = FALSE
	EndGlobalSection
	GlobalSection(ExtensibilityGlobals) = postSolution
		SolutionGuid = {55D63BF3-BACB-4A08-BBB9-B52A7FB499A2}
	EndGlobalSection
EndGlobal
