
Microsoft Visual Studio Solution File, Format Version 12.00
# Visual Studio 15
VisualStudioVersion = 15.0.27130.2010
MinimumVisualStudioVersion = 10.0.40219.1
Project("{FAE04EC0-301F-11D3-BF4B-00C04F79EFBC}") = "TempDataExample", "TempDataExample\TempDataExample.csproj", "{20F37C42-5D9C-472C-A96C-1F6487DF39C1}"
EndProject
Global
	GlobalSection(SolutionConfigurationPlatforms) = preSolution
		Debug|Any CPU = Debug|Any CPU
		Release|Any CPU = Release|Any CPU
	EndGlobalSection
	GlobalSection(ProjectConfigurationPlatforms) = postSolution
		{20F37C42-5D9C-472C-A96C-1F6487DF39C1}.Debug|Any CPU.ActiveCfg = Debug|Any CPU
		{20F37C42-5D9C-472C-A96C-1F6487DF39C1}.Debug|Any CPU.Build.0 = Debug|Any CPU
		{20F37C42-5D9C-472C-A96C-1F6487DF39C1}.Release|Any CPU.ActiveCfg = Release|Any CPU
		{20F37C42-5D9C-472C-A96C-1F6487DF39C1}.Release|Any CPU.Build.0 = Release|Any CPU
	EndGlobalSection
	GlobalSection(SolutionProperties) = preSolution
		HideSolutionNode = FALSE
	EndGlobalSection
	GlobalSection(ExtensibilityGlobals) = postSolution
		SolutionGuid = {E2645C87-0E2C-40B5-9A02-1C15DA3A798D}
	EndGlobalSection
EndGlobal
