
Microsoft Visual Studio Solution File, Format Version 12.00
# Visual Studio 15
VisualStudioVersion = 15.0.27130.2010
MinimumVisualStudioVersion = 10.0.40219.1
Project("{FAE04EC0-301F-11D3-BF4B-00C04F79EFBC}") = "ACME", "ACME\ACME.csproj", "{F9E21911-991F-49B4-9DB7-C70574CF83A1}"
EndProject
Global
	GlobalSection(SolutionConfigurationPlatforms) = preSolution
		Debug|Any CPU = Debug|Any CPU
		Release|Any CPU = Release|Any CPU
	EndGlobalSection
	GlobalSection(ProjectConfigurationPlatforms) = postSolution
		{F9E21911-991F-49B4-9DB7-C70574CF83A1}.Debug|Any CPU.ActiveCfg = Debug|Any CPU
		{F9E21911-991F-49B4-9DB7-C70574CF83A1}.Debug|Any CPU.Build.0 = Debug|Any CPU
		{F9E21911-991F-49B4-9DB7-C70574CF83A1}.Release|Any CPU.ActiveCfg = Release|Any CPU
		{F9E21911-991F-49B4-9DB7-C70574CF83A1}.Release|Any CPU.Build.0 = Release|Any CPU
	EndGlobalSection
	GlobalSection(SolutionProperties) = preSolution
		HideSolutionNode = FALSE
	EndGlobalSection
	GlobalSection(ExtensibilityGlobals) = postSolution
		SolutionGuid = {57E5EAC7-037D-439E-A0B6-1332DE4644CC}
	EndGlobalSection
EndGlobal
