
Microsoft Visual Studio Solution File, Format Version 12.00
# Visual Studio 15
VisualStudioVersion = 15.0.27130.2003
MinimumVisualStudioVersion = 10.0.40219.1
Project("{FAE04EC0-301F-11D3-BF4B-00C04F79EFBC}") = "SomeApp.Web", "SomeApp.Web\SomeApp.Web.csproj", "{310F9A33-8C03-48C4-A222-5E6F984223B5}"
EndProject
Project("{FAE04EC0-301F-11D3-BF4B-00C04F79EFBC}") = "SomeApp.Domain", "SomeApp.Domain\SomeApp.Domain.csproj", "{CC706B1C-151C-47C5-82C7-40ED9BFF59D7}"
EndProject
Project("{FAE04EC0-301F-11D3-BF4B-00C04F79EFBC}") = "SomeApp.Persistence", "SomeApp.Persistence\SomeApp.Persistence.csproj", "{55D10DFF-6332-4C04-88E5-FBC6B064EBEE}"
EndProject
Global
	GlobalSection(SolutionConfigurationPlatforms) = preSolution
		Debug|Any CPU = Debug|Any CPU
		Release|Any CPU = Release|Any CPU
	EndGlobalSection
	GlobalSection(ProjectConfigurationPlatforms) = postSolution
		{310F9A33-8C03-48C4-A222-5E6F984223B5}.Debug|Any CPU.ActiveCfg = Debug|Any CPU
		{310F9A33-8C03-48C4-A222-5E6F984223B5}.Debug|Any CPU.Build.0 = Debug|Any CPU
		{310F9A33-8C03-48C4-A222-5E6F984223B5}.Release|Any CPU.ActiveCfg = Release|Any CPU
		{310F9A33-8C03-48C4-A222-5E6F984223B5}.Release|Any CPU.Build.0 = Release|Any CPU
		{CC706B1C-151C-47C5-82C7-40ED9BFF59D7}.Debug|Any CPU.ActiveCfg = Debug|Any CPU
		{CC706B1C-151C-47C5-82C7-40ED9BFF59D7}.Debug|Any CPU.Build.0 = Debug|Any CPU
		{CC706B1C-151C-47C5-82C7-40ED9BFF59D7}.Release|Any CPU.ActiveCfg = Release|Any CPU
		{CC706B1C-151C-47C5-82C7-40ED9BFF59D7}.Release|Any CPU.Build.0 = Release|Any CPU
		{55D10DFF-6332-4C04-88E5-FBC6B064EBEE}.Debug|Any CPU.ActiveCfg = Debug|Any CPU
		{55D10DFF-6332-4C04-88E5-FBC6B064EBEE}.Debug|Any CPU.Build.0 = Debug|Any CPU
		{55D10DFF-6332-4C04-88E5-FBC6B064EBEE}.Release|Any CPU.ActiveCfg = Release|Any CPU
		{55D10DFF-6332-4C04-88E5-FBC6B064EBEE}.Release|Any CPU.Build.0 = Release|Any CPU
	EndGlobalSection
	GlobalSection(SolutionProperties) = preSolution
		HideSolutionNode = FALSE
	EndGlobalSection
	GlobalSection(ExtensibilityGlobals) = postSolution
		SolutionGuid = {837DD696-802E-4187-AD98-01215B76B896}
	EndGlobalSection
EndGlobal
