
Microsoft Visual Studio Solution File, Format Version 12.00
# Visual Studio 15
VisualStudioVersion = 15.0.26730.15
MinimumVisualStudioVersion = 10.0.40219.1
Project("{FAE04EC0-301F-11D3-BF4B-00C04F79EFBC}") = "CS-ASP_009", "CS-ASP_009\CS-ASP_009.csproj", "{5DE7F4AA-1CA9-416C-B074-26E828B7F487}"
EndProject
Global
	GlobalSection(SolutionConfigurationPlatforms) = preSolution
		Debug|Any CPU = Debug|Any CPU
		Release|Any CPU = Release|Any CPU
	EndGlobalSection
	GlobalSection(ProjectConfigurationPlatforms) = postSolution
		{5DE7F4AA-1CA9-416C-B074-26E828B7F487}.Debug|Any CPU.ActiveCfg = Debug|Any CPU
		{5DE7F4AA-1CA9-416C-B074-26E828B7F487}.Debug|Any CPU.Build.0 = Debug|Any CPU
		{5DE7F4AA-1CA9-416C-B074-26E828B7F487}.Release|Any CPU.ActiveCfg = Release|Any CPU
		{5DE7F4AA-1CA9-416C-B074-26E828B7F487}.Release|Any CPU.Build.0 = Release|Any CPU
	EndGlobalSection
	GlobalSection(SolutionProperties) = preSolution
		HideSolutionNode = FALSE
	EndGlobalSection
	GlobalSection(ExtensibilityGlobals) = postSolution
		SolutionGuid = {D185AA9F-948A-4E26-BACC-6B3CDCED81BE}
	EndGlobalSection
EndGlobal
