
Microsoft Visual Studio Solution File, Format Version 12.00
# Visual Studio 15
VisualStudioVersion = 15.0.27130.0
MinimumVisualStudioVersion = 10.0.40219.1
Project("{FAE04EC0-301F-11D3-BF4B-00C04F79EFBC}") = "CS-ASP_053b", "CS-ASP_053b\CS-ASP_053b.csproj", "{FE4B4CF7-E826-4677-8041-8F6C78570F3B}"
EndProject
Global
	GlobalSection(SolutionConfigurationPlatforms) = preSolution
		Debug|Any CPU = Debug|Any CPU
		Release|Any CPU = Release|Any CPU
	EndGlobalSection
	GlobalSection(ProjectConfigurationPlatforms) = postSolution
		{FE4B4CF7-E826-4677-8041-8F6C78570F3B}.Debug|Any CPU.ActiveCfg = Debug|Any CPU
		{FE4B4CF7-E826-4677-8041-8F6C78570F3B}.Debug|Any CPU.Build.0 = Debug|Any CPU
		{FE4B4CF7-E826-4677-8041-8F6C78570F3B}.Release|Any CPU.ActiveCfg = Release|Any CPU
		{FE4B4CF7-E826-4677-8041-8F6C78570F3B}.Release|Any CPU.Build.0 = Release|Any CPU
	EndGlobalSection
	GlobalSection(SolutionProperties) = preSolution
		HideSolutionNode = FALSE
	EndGlobalSection
	GlobalSection(ExtensibilityGlobals) = postSolution
		SolutionGuid = {87946C45-B11C-4EC2-9B17-649A0F344F80}
	EndGlobalSection
EndGlobal
