
Microsoft Visual Studio Solution File, Format Version 12.00
# Visual Studio 15
VisualStudioVersion = 15.0.26730.16
MinimumVisualStudioVersion = 10.0.40219.1
Project("{FAE04EC0-301F-11D3-BF4B-00C04F79EFBC}") = "CS-ASP_020", "CS-ASP_020\CS-ASP_020.csproj", "{87B96B23-FD36-4732-B40B-8FF557CB96A7}"
EndProject
Global
	GlobalSection(SolutionConfigurationPlatforms) = preSolution
		Debug|Any CPU = Debug|Any CPU
		Release|Any CPU = Release|Any CPU
	EndGlobalSection
	GlobalSection(ProjectConfigurationPlatforms) = postSolution
		{87B96B23-FD36-4732-B40B-8FF557CB96A7}.Debug|Any CPU.ActiveCfg = Debug|Any CPU
		{87B96B23-FD36-4732-B40B-8FF557CB96A7}.Debug|Any CPU.Build.0 = Debug|Any CPU
		{87B96B23-FD36-4732-B40B-8FF557CB96A7}.Release|Any CPU.ActiveCfg = Release|Any CPU
		{87B96B23-FD36-4732-B40B-8FF557CB96A7}.Release|Any CPU.Build.0 = Release|Any CPU
	EndGlobalSection
	GlobalSection(SolutionProperties) = preSolution
		HideSolutionNode = FALSE
	EndGlobalSection
	GlobalSection(ExtensibilityGlobals) = postSolution
		SolutionGuid = {ABC3F8B5-B05B-4E90-A08B-7D66A2499254}
	EndGlobalSection
EndGlobal
