
Microsoft Visual Studio Solution File, Format Version 12.00
# Visual Studio 15
VisualStudioVersion = 15.0.27004.2010
MinimumVisualStudioVersion = 10.0.40219.1
Project("{FAE04EC0-301F-11D3-BF4B-00C04F79EFBC}") = "CS-ASP_040", "CS-ASP_040\CS-ASP_040.csproj", "{DD3884CE-2785-46ED-925D-43165EE128F3}"
EndProject
Global
	GlobalSection(SolutionConfigurationPlatforms) = preSolution
		Debug|Any CPU = Debug|Any CPU
		Release|Any CPU = Release|Any CPU
	EndGlobalSection
	GlobalSection(ProjectConfigurationPlatforms) = postSolution
		{DD3884CE-2785-46ED-925D-43165EE128F3}.Debug|Any CPU.ActiveCfg = Debug|Any CPU
		{DD3884CE-2785-46ED-925D-43165EE128F3}.Debug|Any CPU.Build.0 = Debug|Any CPU
		{DD3884CE-2785-46ED-925D-43165EE128F3}.Release|Any CPU.ActiveCfg = Release|Any CPU
		{DD3884CE-2785-46ED-925D-43165EE128F3}.Release|Any CPU.Build.0 = Release|Any CPU
	EndGlobalSection
	GlobalSection(SolutionProperties) = preSolution
		HideSolutionNode = FALSE
	EndGlobalSection
	GlobalSection(ExtensibilityGlobals) = postSolution
		SolutionGuid = {7D64FEE9-81C6-46BB-B327-366FD77ABC7D}
	EndGlobalSection
EndGlobal
