
Microsoft Visual Studio Solution File, Format Version 12.00
# Visual Studio 15
VisualStudioVersion = 15.0.26730.16
MinimumVisualStudioVersion = 10.0.40219.1
Project("{FAE04EC0-301F-11D3-BF4B-00C04F79EFBC}") = "CS-ASP_017", "CS-ASP_017\CS-ASP_017.csproj", "{FE979137-539F-4C5B-ACF6-8230037F8DD4}"
EndProject
Global
	GlobalSection(SolutionConfigurationPlatforms) = preSolution
		Debug|Any CPU = Debug|Any CPU
		Release|Any CPU = Release|Any CPU
	EndGlobalSection
	GlobalSection(ProjectConfigurationPlatforms) = postSolution
		{FE979137-539F-4C5B-ACF6-8230037F8DD4}.Debug|Any CPU.ActiveCfg = Debug|Any CPU
		{FE979137-539F-4C5B-ACF6-8230037F8DD4}.Debug|Any CPU.Build.0 = Debug|Any CPU
		{FE979137-539F-4C5B-ACF6-8230037F8DD4}.Release|Any CPU.ActiveCfg = Release|Any CPU
		{FE979137-539F-4C5B-ACF6-8230037F8DD4}.Release|Any CPU.Build.0 = Release|Any CPU
	EndGlobalSection
	GlobalSection(SolutionProperties) = preSolution
		HideSolutionNode = FALSE
	EndGlobalSection
	GlobalSection(ExtensibilityGlobals) = postSolution
		SolutionGuid = {68DA9445-93CD-41A9-BCD8-21FC86C834B9}
	EndGlobalSection
EndGlobal
