
Microsoft Visual Studio Solution File, Format Version 12.00
# Visual Studio 15
VisualStudioVersion = 15.0.26730.15
MinimumVisualStudioVersion = 10.0.40219.1
Project("{FAE04EC0-301F-11D3-BF4B-00C04F79EFBC}") = "ConsoleAppPractice", "ConsoleAppPractice\ConsoleAppPractice.csproj", "{C4F7F5C7-8532-4F01-8627-9463277CDC2E}"
EndProject
Global
	GlobalSection(SolutionConfigurationPlatforms) = preSolution
		Debug|Any CPU = Debug|Any CPU
		Release|Any CPU = Release|Any CPU
	EndGlobalSection
	GlobalSection(ProjectConfigurationPlatforms) = postSolution
		{C4F7F5C7-8532-4F01-8627-9463277CDC2E}.Debug|Any CPU.ActiveCfg = Debug|Any CPU
		{C4F7F5C7-8532-4F01-8627-9463277CDC2E}.Debug|Any CPU.Build.0 = Debug|Any CPU
		{C4F7F5C7-8532-4F01-8627-9463277CDC2E}.Release|Any CPU.ActiveCfg = Release|Any CPU
		{C4F7F5C7-8532-4F01-8627-9463277CDC2E}.Release|Any CPU.Build.0 = Release|Any CPU
	EndGlobalSection
	GlobalSection(SolutionProperties) = preSolution
		HideSolutionNode = FALSE
	EndGlobalSection
	GlobalSection(ExtensibilityGlobals) = postSolution
		SolutionGuid = {C4D346E1-783D-49ED-AD2D-6D62C06508B7}
	EndGlobalSection
EndGlobal
