
Microsoft Visual Studio Solution File, Format Version 12.00
# Visual Studio 15
VisualStudioVersion = 15.0.26730.15
MinimumVisualStudioVersion = 10.0.40219.1
Project("{FAE04EC0-301F-11D3-BF4B-00C04F79EFBC}") = "MyFirstWebApp", "MyFirstWebApp\MyFirstWebApp.csproj", "{962A3715-6961-474A-B025-A98E30E515B7}"
EndProject
Global
	GlobalSection(SolutionConfigurationPlatforms) = preSolution
		Debug|Any CPU = Debug|Any CPU
		Release|Any CPU = Release|Any CPU
	EndGlobalSection
	GlobalSection(ProjectConfigurationPlatforms) = postSolution
		{962A3715-6961-474A-B025-A98E30E515B7}.Debug|Any CPU.ActiveCfg = Debug|Any CPU
		{962A3715-6961-474A-B025-A98E30E515B7}.Debug|Any CPU.Build.0 = Debug|Any CPU
		{962A3715-6961-474A-B025-A98E30E515B7}.Release|Any CPU.ActiveCfg = Release|Any CPU
		{962A3715-6961-474A-B025-A98E30E515B7}.Release|Any CPU.Build.0 = Release|Any CPU
	EndGlobalSection
	GlobalSection(SolutionProperties) = preSolution
		HideSolutionNode = FALSE
	EndGlobalSection
	GlobalSection(ExtensibilityGlobals) = postSolution
		SolutionGuid = {F939A298-068B-4E19-9CEE-22DCF3E3643A}
	EndGlobalSection
EndGlobal
